
Microsoft Visual Studio Solution File, Format Version 12.00
# Visual Studio Version 17
VisualStudioVersion = 17.11.35327.3
MinimumVisualStudioVersion = 10.0.40219.1
Project("{8BC9CEB8-8B4A-11D0-8D11-00A0C91BC942}") = "chap7 - Grade book", "chap7 - Grade book.vcxproj", "{3BCF89AE-BF1D-4D76-B0B8-D651FFE0EF0F}"
EndProject
Global
	GlobalSection(SolutionConfigurationPlatforms) = preSolution
		Debug|ARM = Debug|ARM
		Debug|ARM64 = Debug|ARM64
		Debug|x64 = Debug|x64
		Debug|x86 = Debug|x86
		Release|ARM = Release|ARM
		Release|ARM64 = Release|ARM64
		Release|x64 = Release|x64
		Release|x86 = Release|x86
	EndGlobalSection
	GlobalSection(ProjectConfigurationPlatforms) = postSolution
		{3BCF89AE-BF1D-4D76-B0B8-D651FFE0EF0F}.Debug|ARM.ActiveCfg = Debug|ARM
		{3BCF89AE-BF1D-4D76-B0B8-D651FFE0EF0F}.Debug|ARM.Build.0 = Debug|ARM
		{3BCF89AE-BF1D-4D76-B0B8-D651FFE0EF0F}.Debug|ARM.Deploy.0 = Debug|ARM
		{3BCF89AE-BF1D-4D76-B0B8-D651FFE0EF0F}.Debug|ARM64.ActiveCfg = Debug|ARM64
		{3BCF89AE-BF1D-4D76-B0B8-D651FFE0EF0F}.Debug|ARM64.Build.0 = Debug|ARM64
		{3BCF89AE-BF1D-4D76-B0B8-D651FFE0EF0F}.Debug|ARM64.Deploy.0 = Debug|ARM64
		{3BCF89AE-BF1D-4D76-B0B8-D651FFE0EF0F}.Debug|x64.ActiveCfg = Debug|x64
		{3BCF89AE-BF1D-4D76-B0B8-D651FFE0EF0F}.Debug|x64.Build.0 = Debug|x64
		{3BCF89AE-BF1D-4D76-B0B8-D651FFE0EF0F}.Debug|x64.Deploy.0 = Debug|x64
		{3BCF89AE-BF1D-4D76-B0B8-D651FFE0EF0F}.Debug|x86.ActiveCfg = Debug|x86
		{3BCF89AE-BF1D-4D76-B0B8-D651FFE0EF0F}.Debug|x86.Build.0 = Debug|x86
		{3BCF89AE-BF1D-4D76-B0B8-D651FFE0EF0F}.Debug|x86.Deploy.0 = Debug|x86
		{3BCF89AE-BF1D-4D76-B0B8-D651FFE0EF0F}.Release|ARM.ActiveCfg = Release|ARM
		{3BCF89AE-BF1D-4D76-B0B8-D651FFE0EF0F}.Release|ARM.Build.0 = Release|ARM
		{3BCF89AE-BF1D-4D76-B0B8-D651FFE0EF0F}.Release|ARM.Deploy.0 = Release|ARM
		{3BCF89AE-BF1D-4D76-B0B8-D651FFE0EF0F}.Release|ARM64.ActiveCfg = Release|ARM64
		{3BCF89AE-BF1D-4D76-B0B8-D651FFE0EF0F}.Release|ARM64.Build.0 = Release|ARM64
		{3BCF89AE-BF1D-4D76-B0B8-D651FFE0EF0F}.Release|ARM64.Deploy.0 = Release|ARM64
		{3BCF89AE-BF1D-4D76-B0B8-D651FFE0EF0F}.Release|x64.ActiveCfg = Release|x64
		{3BCF89AE-BF1D-4D76-B0B8-D651FFE0EF0F}.Release|x64.Build.0 = Release|x64
		{3BCF89AE-BF1D-4D76-B0B8-D651FFE0EF0F}.Release|x64.Deploy.0 = Release|x64
		{3BCF89AE-BF1D-4D76-B0B8-D651FFE0EF0F}.Release|x86.ActiveCfg = Release|x86
		{3BCF89AE-BF1D-4D76-B0B8-D651FFE0EF0F}.Release|x86.Build.0 = Release|x86
		{3BCF89AE-BF1D-4D76-B0B8-D651FFE0EF0F}.Release|x86.Deploy.0 = Release|x86
	EndGlobalSection
	GlobalSection(SolutionProperties) = preSolution
		HideSolutionNode = FALSE
	EndGlobalSection
	GlobalSection(ExtensibilityGlobals) = postSolution
		SolutionGuid = {732EB8C5-AB10-4A31-A71E-78BB74FCBEA8}
	EndGlobalSection
EndGlobal
